
Microsoft Visual Studio Solution File, Format Version 12.00
# Visual Studio 2013
VisualStudioVersion = 12.0.21005.1
MinimumVisualStudioVersion = 10.0.40219.1
Project("{FAE04EC0-301F-11D3-BF4B-00C04F79EFBC}") = "Conway.Game", "Conway.Game\Conway.Game.csproj", "{4E0BCD93-07C0-436A-8A21-28A5A62E11DF}"
EndProject
Project("{FAE04EC0-301F-11D3-BF4B-00C04F79EFBC}") = "Conway.Test", "Conway.Test\Conway.Test.csproj", "{09AFC01F-5C19-4151-BC25-73E0FDEB771B}"
EndProject
Project("{FAE04EC0-301F-11D3-BF4B-00C04F79EFBC}") = "RunGame", "RunGame\RunGame.csproj", "{97E31496-3D0D-48F2-AC14-8D9C6405B238}"
EndProject
Global
	GlobalSection(SolutionConfigurationPlatforms) = preSolution
		Debug|Any CPU = Debug|Any CPU
		Release|Any CPU = Release|Any CPU
	EndGlobalSection
	GlobalSection(ProjectConfigurationPlatforms) = postSolution
		{4E0BCD93-07C0-436A-8A21-28A5A62E11DF}.Debug|Any CPU.ActiveCfg = Debug|Any CPU
		{4E0BCD93-07C0-436A-8A21-28A5A62E11DF}.Debug|Any CPU.Build.0 = Debug|Any CPU
		{4E0BCD93-07C0-436A-8A21-28A5A62E11DF}.Release|Any CPU.ActiveCfg = Release|Any CPU
		{4E0BCD93-07C0-436A-8A21-28A5A62E11DF}.Release|Any CPU.Build.0 = Release|Any CPU
		{09AFC01F-5C19-4151-BC25-73E0FDEB771B}.Debug|Any CPU.ActiveCfg = Debug|Any CPU
		{09AFC01F-5C19-4151-BC25-73E0FDEB771B}.Debug|Any CPU.Build.0 = Debug|Any CPU
		{09AFC01F-5C19-4151-BC25-73E0FDEB771B}.Release|Any CPU.ActiveCfg = Release|Any CPU
		{09AFC01F-5C19-4151-BC25-73E0FDEB771B}.Release|Any CPU.Build.0 = Release|Any CPU
		{97E31496-3D0D-48F2-AC14-8D9C6405B238}.Debug|Any CPU.ActiveCfg = Debug|Any CPU
		{97E31496-3D0D-48F2-AC14-8D9C6405B238}.Debug|Any CPU.Build.0 = Debug|Any CPU
		{97E31496-3D0D-48F2-AC14-8D9C6405B238}.Release|Any CPU.ActiveCfg = Release|Any CPU
		{97E31496-3D0D-48F2-AC14-8D9C6405B238}.Release|Any CPU.Build.0 = Release|Any CPU
	EndGlobalSection
	GlobalSection(SolutionProperties) = preSolution
		HideSolutionNode = FALSE
	EndGlobalSection
EndGlobal
